
Microsoft Visual Studio Solution File, Format Version 12.00
# Visual Studio 14
VisualStudioVersion = 14.0.24720.0
MinimumVisualStudioVersion = 10.0.40219.1
Project("{FAE04EC0-301F-11D3-BF4B-00C04F79EFBC}") = "Autofac.Extras.ServiceStack", "Autofac.Extras.ServiceStack\Autofac.Extras.ServiceStack.csproj", "{BE45F66A-052E-4B9D-AA65-549BBDA73334}"
EndProject
Project("{2150E333-8FDC-42A3-9474-1A3956D46DE8}") = ".paket", ".paket", "{48F64AAE-BD8B-4771-A084-DF86BE0982F8}"
	ProjectSection(SolutionItems) = preProject
		paket.dependencies = paket.dependencies
		paket.lock = paket.lock
	EndProjectSection
EndProject
Project("{2150E333-8FDC-42A3-9474-1A3956D46DE8}") = ".build", ".build", "{EA099534-41FF-492D-9961-C9557C11FE62}"
	ProjectSection(SolutionItems) = preProject
		..\build.fsx = ..\build.fsx
	EndProjectSection
EndProject
Project("{2150E333-8FDC-42A3-9474-1A3956D46DE8}") = ".git", ".git", "{DE68ED57-3C8E-4FD1-8DA6-4462D7D2219E}"
	ProjectSection(SolutionItems) = preProject
		..\.gitignore = ..\.gitignore
		..\GitVersionConfig.yaml = ..\GitVersionConfig.yaml
	EndProjectSection
EndProject
Global
	GlobalSection(SolutionConfigurationPlatforms) = preSolution
		Debug|Any CPU = Debug|Any CPU
		Release|Any CPU = Release|Any CPU
	EndGlobalSection
	GlobalSection(ProjectConfigurationPlatforms) = postSolution
		{BE45F66A-052E-4B9D-AA65-549BBDA73334}.Debug|Any CPU.ActiveCfg = Debug|Any CPU
		{BE45F66A-052E-4B9D-AA65-549BBDA73334}.Debug|Any CPU.Build.0 = Debug|Any CPU
		{BE45F66A-052E-4B9D-AA65-549BBDA73334}.Release|Any CPU.ActiveCfg = Release|Any CPU
		{BE45F66A-052E-4B9D-AA65-549BBDA73334}.Release|Any CPU.Build.0 = Release|Any CPU
	EndGlobalSection
	GlobalSection(SolutionProperties) = preSolution
		HideSolutionNode = FALSE
	EndGlobalSection
EndGlobal
