
Microsoft Visual Studio Solution File, Format Version 12.00
# Visual Studio 15
VisualStudioVersion = 15.0.27004.2010
MinimumVisualStudioVersion = 10.0.40219.1
Project("{FAE04EC0-301F-11D3-BF4B-00C04F79EFBC}") = "Autofac.Extras.ServiceStack", "Autofac.Extras.ServiceStack\Autofac.Extras.ServiceStack.csproj", "{BE45F66A-052E-4B9D-AA65-549BBDA73334}"
EndProject
Project("{2150E333-8FDC-42A3-9474-1A3956D46DE8}") = ".build", ".build", "{EA099534-41FF-492D-9961-C9557C11FE62}"
	ProjectSection(SolutionItems) = preProject
		..\build.fsx = ..\build.fsx
	EndProjectSection
EndProject
Project("{2150E333-8FDC-42A3-9474-1A3956D46DE8}") = ".git", ".git", "{DE68ED57-3C8E-4FD1-8DA6-4462D7D2219E}"
	ProjectSection(SolutionItems) = preProject
		..\.gitignore = ..\.gitignore
		..\GitVersionConfig.yaml = ..\GitVersionConfig.yaml
	EndProjectSection
EndProject
Project("{FAE04EC0-301F-11D3-BF4B-00C04F79EFBC}") = "Autofac.Extras.ServiceStack.Tests", "Autofac.Extras.ServiceStack.Tests\Autofac.Extras.ServiceStack.Tests.csproj", "{44D87492-A8CE-4A01-A212-CDD1C82DAB67}"
EndProject
Global
	GlobalSection(SolutionConfigurationPlatforms) = preSolution
		Debug|Any CPU = Debug|Any CPU
		Release|Any CPU = Release|Any CPU
	EndGlobalSection
	GlobalSection(ProjectConfigurationPlatforms) = postSolution
		{BE45F66A-052E-4B9D-AA65-549BBDA73334}.Debug|Any CPU.ActiveCfg = Debug|Any CPU
		{BE45F66A-052E-4B9D-AA65-549BBDA73334}.Debug|Any CPU.Build.0 = Debug|Any CPU
		{BE45F66A-052E-4B9D-AA65-549BBDA73334}.Release|Any CPU.ActiveCfg = Release|Any CPU
		{BE45F66A-052E-4B9D-AA65-549BBDA73334}.Release|Any CPU.Build.0 = Release|Any CPU
		{44D87492-A8CE-4A01-A212-CDD1C82DAB67}.Debug|Any CPU.ActiveCfg = Debug|Any CPU
		{44D87492-A8CE-4A01-A212-CDD1C82DAB67}.Debug|Any CPU.Build.0 = Debug|Any CPU
		{44D87492-A8CE-4A01-A212-CDD1C82DAB67}.Release|Any CPU.ActiveCfg = Release|Any CPU
		{44D87492-A8CE-4A01-A212-CDD1C82DAB67}.Release|Any CPU.Build.0 = Release|Any CPU
	EndGlobalSection
	GlobalSection(SolutionProperties) = preSolution
		HideSolutionNode = FALSE
	EndGlobalSection
	GlobalSection(ExtensibilityGlobals) = postSolution
		SolutionGuid = {887A1EAB-D3AE-4C7B-B249-213FA7DC6D0D}
	EndGlobalSection
EndGlobal
